
Microsoft Visual Studio Solution File, Format Version 12.00
# Visual Studio Version 17
VisualStudioVersion = 17.10.34916.146
MinimumVisualStudioVersion = 10.0.40219.1
Project("{9A19103F-16F7-4668-BE54-9A1E7A4F7556}") = "AvnIdentityManager", "AvnIdentityManager\AvnIdentityManager.csproj", "{51EF688E-2854-40B2-915B-B0FDE762F687}"
EndProject
Project("{9A19103F-16F7-4668-BE54-9A1E7A4F7556}") = "AvnIdentityManagerBlazor8ServerDemo", "AvnIdentityManagerBlazor8ServerDemo\AvnIdentityManagerBlazor8ServerDemo.csproj", "{BF252C77-6022-4ED6-8515-3D1B4EC76DDE}"
EndProject
Project("{FAE04EC0-301F-11D3-BF4B-00C04F79EFBC}") = "AvnIdentityManagerConsoleDemo", "AvnIdentityManagerConsoleDemo\AvnIdentityManagerConsoleDemo.csproj", "{7BC772FE-DE0B-461A-8ED6-AEC91F73AF4A}"
EndProject
Global
	GlobalSection(SolutionConfigurationPlatforms) = preSolution
		Debug|Any CPU = Debug|Any CPU
		Release|Any CPU = Release|Any CPU
	EndGlobalSection
	GlobalSection(ProjectConfigurationPlatforms) = postSolution
		{51EF688E-2854-40B2-915B-B0FDE762F687}.Debug|Any CPU.ActiveCfg = Debug|Any CPU
		{51EF688E-2854-40B2-915B-B0FDE762F687}.Debug|Any CPU.Build.0 = Debug|Any CPU
		{51EF688E-2854-40B2-915B-B0FDE762F687}.Release|Any CPU.ActiveCfg = Release|Any CPU
		{51EF688E-2854-40B2-915B-B0FDE762F687}.Release|Any CPU.Build.0 = Release|Any CPU
		{BF252C77-6022-4ED6-8515-3D1B4EC76DDE}.Debug|Any CPU.ActiveCfg = Debug|Any CPU
		{BF252C77-6022-4ED6-8515-3D1B4EC76DDE}.Debug|Any CPU.Build.0 = Debug|Any CPU
		{BF252C77-6022-4ED6-8515-3D1B4EC76DDE}.Release|Any CPU.ActiveCfg = Release|Any CPU
		{BF252C77-6022-4ED6-8515-3D1B4EC76DDE}.Release|Any CPU.Build.0 = Release|Any CPU
		{7BC772FE-DE0B-461A-8ED6-AEC91F73AF4A}.Debug|Any CPU.ActiveCfg = Debug|Any CPU
		{7BC772FE-DE0B-461A-8ED6-AEC91F73AF4A}.Debug|Any CPU.Build.0 = Debug|Any CPU
		{7BC772FE-DE0B-461A-8ED6-AEC91F73AF4A}.Release|Any CPU.ActiveCfg = Release|Any CPU
		{7BC772FE-DE0B-461A-8ED6-AEC91F73AF4A}.Release|Any CPU.Build.0 = Release|Any CPU
	EndGlobalSection
	GlobalSection(SolutionProperties) = preSolution
		HideSolutionNode = FALSE
	EndGlobalSection
	GlobalSection(ExtensibilityGlobals) = postSolution
		SolutionGuid = {A0DCAF09-0065-4061-A0E5-997122C672F5}
	EndGlobalSection
EndGlobal
